
Microsoft Visual Studio Solution File, Format Version 12.00
# Visual Studio 2015
Project("{FAE04EC0-301F-11D3-BF4B-00C04F79EFBC}") = "CyberSeeker1.CSharp", "CyberSeeker1.CSharp.csproj", "{6A14D454-515F-93BE-0F75-DE9C3010A220}"
EndProject
Project("{FAE04EC0-301F-11D3-BF4B-00C04F79EFBC}") = "CyberSeeker1.CSharp.Editor", "CyberSeeker1.CSharp.Editor.csproj", "{C87ABDC0-6915-6C62-DCD9-4347D20EDD12}"
EndProject
Global
	GlobalSection(SolutionConfigurationPlatforms) = preSolution
		Debug|Any CPU = Debug|Any CPU
		Release|Any CPU = Release|Any CPU
	EndGlobalSection
	GlobalSection(ProjectConfigurationPlatforms) = postSolution
		{6A14D454-515F-93BE-0F75-DE9C3010A220}.Debug|Any CPU.ActiveCfg = Debug|Any CPU
		{6A14D454-515F-93BE-0F75-DE9C3010A220}.Debug|Any CPU.Build.0 = Debug|Any CPU
		{6A14D454-515F-93BE-0F75-DE9C3010A220}.Release|Any CPU.ActiveCfg = Release|Any CPU
		{6A14D454-515F-93BE-0F75-DE9C3010A220}.Release|Any CPU.Build.0 = Release|Any CPU
		{C87ABDC0-6915-6C62-DCD9-4347D20EDD12}.Debug|Any CPU.ActiveCfg = Debug|Any CPU
		{C87ABDC0-6915-6C62-DCD9-4347D20EDD12}.Debug|Any CPU.Build.0 = Debug|Any CPU
		{C87ABDC0-6915-6C62-DCD9-4347D20EDD12}.Release|Any CPU.ActiveCfg = Release|Any CPU
		{C87ABDC0-6915-6C62-DCD9-4347D20EDD12}.Release|Any CPU.Build.0 = Release|Any CPU
	EndGlobalSection
	GlobalSection(SolutionProperties) = preSolution
		HideSolutionNode = FALSE
	EndGlobalSection
EndGlobal
